
Microsoft Visual Studio Solution File, Format Version 12.00
# Visual Studio Version 17
VisualStudioVersion = 17.5.33424.131
MinimumVisualStudioVersion = 10.0.40219.1
Project("{9A19103F-16F7-4668-BE54-9A1E7A4F7556}") = "LW.BkEndApi", "LW.BkEndApi\LW.BkEndApi.csproj", "{7EEFA405-F131-4901-91B0-03EAC69AA45E}"
EndProject
Project("{9A19103F-16F7-4668-BE54-9A1E7A4F7556}") = "LW.BkEndTests", "LW.BkEndTests\LW.BkEndTests.csproj", "{123938ED-3FA6-4850-8F35-FE11980DF74A}"
EndProject
Project("{9A19103F-16F7-4668-BE54-9A1E7A4F7556}") = "LW.BkEndLogic", "LW.BkEndLogic\LW.BkEndLogic.csproj", "{D8CDDBBB-2C38-4DB4-B349-F6632AF22A64}"
EndProject
Project("{9A19103F-16F7-4668-BE54-9A1E7A4F7556}") = "LW.BkEndModel", "LW.BkEndModel\LW.BkEndModel.csproj", "{B6F99EE8-2BFE-4263-B47B-7AC0828B3F04}"
EndProject
Project("{9A19103F-16F7-4668-BE54-9A1E7A4F7556}") = "LW.BkEndDb", "LW.BkEndDb\LW.BkEndDb.csproj", "{75DE1F6C-1059-4CED-873F-39BB4A4DF930}"
EndProject
Project("{9A19103F-16F7-4668-BE54-9A1E7A4F7556}") = "LW.DocProces", "LW.DocProces\LW.DocProces.csproj", "{DA099AE4-65BD-4400-89D6-F7B5976CD018}"
EndProject
Project("{9A19103F-16F7-4668-BE54-9A1E7A4F7556}") = "SqlDummyData", "SqlDummyData\SqlDummyData.csproj", "{FA4A28CF-82EA-42FE-9701-4DB60BDC40AB}"
EndProject
Project("{9A19103F-16F7-4668-BE54-9A1E7A4F7556}") = "JwtKeyGen", "JwtKeyGen\JwtKeyGen.csproj", "{43270E4F-6C56-4080-9582-2FF42AD546A8}"
EndProject
Project("{9A19103F-16F7-4668-BE54-9A1E7A4F7556}") = "LW.DocProcLogic", "LW.DocProcLogic\LW.DocProcLogic.csproj", "{D1064A9A-CF04-4E9B-A72E-E11177F6B846}"
EndProject
Project("{9A19103F-16F7-4668-BE54-9A1E7A4F7556}") = "LW.DocProcesTests", "LW.DocProcesTests\LW.DocProcesTests.csproj", "{BC845E98-D718-4B7C-BE7E-065089E7B70C}"
EndProject
Project("{2150E333-8FDC-42A3-9474-1A3956D46DE8}") = "Tests", "Tests", "{C5921EC0-E4D5-4760-8AA0-9E07EB35CF19}"
EndProject
Project("{2150E333-8FDC-42A3-9474-1A3956D46DE8}") = "Common", "Common", "{D2961DD5-C41D-4118-B1FA-26A334AD6270}"
EndProject
Project("{2150E333-8FDC-42A3-9474-1A3956D46DE8}") = "MainApi", "MainApi", "{7F89B5F0-C8E1-41DD-B161-803300FA7951}"
EndProject
Project("{2150E333-8FDC-42A3-9474-1A3956D46DE8}") = "DocApi", "DocApi", "{380B241B-EF5E-434F-B1FA-FCFF70C0639D}"
EndProject
Project("{9A19103F-16F7-4668-BE54-9A1E7A4F7556}") = "FilesProcessing", "FilesProcessing\FilesProcessing.csproj", "{9C50BFB9-BEB6-4BAD-A46A-82987DCDBAB8}"
EndProject
Global
	GlobalSection(SolutionConfigurationPlatforms) = preSolution
		Debug|Any CPU = Debug|Any CPU
		Release|Any CPU = Release|Any CPU
	EndGlobalSection
	GlobalSection(ProjectConfigurationPlatforms) = postSolution
		{7EEFA405-F131-4901-91B0-03EAC69AA45E}.Debug|Any CPU.ActiveCfg = Debug|Any CPU
		{7EEFA405-F131-4901-91B0-03EAC69AA45E}.Debug|Any CPU.Build.0 = Debug|Any CPU
		{7EEFA405-F131-4901-91B0-03EAC69AA45E}.Release|Any CPU.ActiveCfg = Release|Any CPU
		{7EEFA405-F131-4901-91B0-03EAC69AA45E}.Release|Any CPU.Build.0 = Release|Any CPU
		{123938ED-3FA6-4850-8F35-FE11980DF74A}.Debug|Any CPU.ActiveCfg = Debug|Any CPU
		{123938ED-3FA6-4850-8F35-FE11980DF74A}.Debug|Any CPU.Build.0 = Debug|Any CPU
		{123938ED-3FA6-4850-8F35-FE11980DF74A}.Release|Any CPU.ActiveCfg = Release|Any CPU
		{123938ED-3FA6-4850-8F35-FE11980DF74A}.Release|Any CPU.Build.0 = Release|Any CPU
		{D8CDDBBB-2C38-4DB4-B349-F6632AF22A64}.Debug|Any CPU.ActiveCfg = Debug|Any CPU
		{D8CDDBBB-2C38-4DB4-B349-F6632AF22A64}.Debug|Any CPU.Build.0 = Debug|Any CPU
		{D8CDDBBB-2C38-4DB4-B349-F6632AF22A64}.Release|Any CPU.ActiveCfg = Release|Any CPU
		{D8CDDBBB-2C38-4DB4-B349-F6632AF22A64}.Release|Any CPU.Build.0 = Release|Any CPU
		{B6F99EE8-2BFE-4263-B47B-7AC0828B3F04}.Debug|Any CPU.ActiveCfg = Debug|Any CPU
		{B6F99EE8-2BFE-4263-B47B-7AC0828B3F04}.Debug|Any CPU.Build.0 = Debug|Any CPU
		{B6F99EE8-2BFE-4263-B47B-7AC0828B3F04}.Release|Any CPU.ActiveCfg = Release|Any CPU
		{B6F99EE8-2BFE-4263-B47B-7AC0828B3F04}.Release|Any CPU.Build.0 = Release|Any CPU
		{75DE1F6C-1059-4CED-873F-39BB4A4DF930}.Debug|Any CPU.ActiveCfg = Debug|Any CPU
		{75DE1F6C-1059-4CED-873F-39BB4A4DF930}.Debug|Any CPU.Build.0 = Debug|Any CPU
		{75DE1F6C-1059-4CED-873F-39BB4A4DF930}.Release|Any CPU.ActiveCfg = Release|Any CPU
		{75DE1F6C-1059-4CED-873F-39BB4A4DF930}.Release|Any CPU.Build.0 = Release|Any CPU
		{DA099AE4-65BD-4400-89D6-F7B5976CD018}.Debug|Any CPU.ActiveCfg = Debug|Any CPU
		{DA099AE4-65BD-4400-89D6-F7B5976CD018}.Debug|Any CPU.Build.0 = Debug|Any CPU
		{DA099AE4-65BD-4400-89D6-F7B5976CD018}.Release|Any CPU.ActiveCfg = Release|Any CPU
		{DA099AE4-65BD-4400-89D6-F7B5976CD018}.Release|Any CPU.Build.0 = Release|Any CPU
		{FA4A28CF-82EA-42FE-9701-4DB60BDC40AB}.Debug|Any CPU.ActiveCfg = Debug|Any CPU
		{FA4A28CF-82EA-42FE-9701-4DB60BDC40AB}.Debug|Any CPU.Build.0 = Debug|Any CPU
		{FA4A28CF-82EA-42FE-9701-4DB60BDC40AB}.Release|Any CPU.ActiveCfg = Release|Any CPU
		{FA4A28CF-82EA-42FE-9701-4DB60BDC40AB}.Release|Any CPU.Build.0 = Release|Any CPU
		{43270E4F-6C56-4080-9582-2FF42AD546A8}.Debug|Any CPU.ActiveCfg = Debug|Any CPU
		{43270E4F-6C56-4080-9582-2FF42AD546A8}.Debug|Any CPU.Build.0 = Debug|Any CPU
		{43270E4F-6C56-4080-9582-2FF42AD546A8}.Release|Any CPU.ActiveCfg = Release|Any CPU
		{43270E4F-6C56-4080-9582-2FF42AD546A8}.Release|Any CPU.Build.0 = Release|Any CPU
		{D1064A9A-CF04-4E9B-A72E-E11177F6B846}.Debug|Any CPU.ActiveCfg = Debug|Any CPU
		{D1064A9A-CF04-4E9B-A72E-E11177F6B846}.Debug|Any CPU.Build.0 = Debug|Any CPU
		{D1064A9A-CF04-4E9B-A72E-E11177F6B846}.Release|Any CPU.ActiveCfg = Release|Any CPU
		{D1064A9A-CF04-4E9B-A72E-E11177F6B846}.Release|Any CPU.Build.0 = Release|Any CPU
		{BC845E98-D718-4B7C-BE7E-065089E7B70C}.Debug|Any CPU.ActiveCfg = Debug|Any CPU
		{BC845E98-D718-4B7C-BE7E-065089E7B70C}.Debug|Any CPU.Build.0 = Debug|Any CPU
		{BC845E98-D718-4B7C-BE7E-065089E7B70C}.Release|Any CPU.ActiveCfg = Release|Any CPU
		{BC845E98-D718-4B7C-BE7E-065089E7B70C}.Release|Any CPU.Build.0 = Release|Any CPU
		{9C50BFB9-BEB6-4BAD-A46A-82987DCDBAB8}.Debug|Any CPU.ActiveCfg = Debug|Any CPU
		{9C50BFB9-BEB6-4BAD-A46A-82987DCDBAB8}.Debug|Any CPU.Build.0 = Debug|Any CPU
		{9C50BFB9-BEB6-4BAD-A46A-82987DCDBAB8}.Release|Any CPU.ActiveCfg = Release|Any CPU
		{9C50BFB9-BEB6-4BAD-A46A-82987DCDBAB8}.Release|Any CPU.Build.0 = Release|Any CPU
	EndGlobalSection
	GlobalSection(SolutionProperties) = preSolution
		HideSolutionNode = FALSE
	EndGlobalSection
	GlobalSection(NestedProjects) = preSolution
		{7EEFA405-F131-4901-91B0-03EAC69AA45E} = {7F89B5F0-C8E1-41DD-B161-803300FA7951}
		{123938ED-3FA6-4850-8F35-FE11980DF74A} = {C5921EC0-E4D5-4760-8AA0-9E07EB35CF19}
		{D8CDDBBB-2C38-4DB4-B349-F6632AF22A64} = {7F89B5F0-C8E1-41DD-B161-803300FA7951}
		{B6F99EE8-2BFE-4263-B47B-7AC0828B3F04} = {D2961DD5-C41D-4118-B1FA-26A334AD6270}
		{75DE1F6C-1059-4CED-873F-39BB4A4DF930} = {D2961DD5-C41D-4118-B1FA-26A334AD6270}
		{DA099AE4-65BD-4400-89D6-F7B5976CD018} = {380B241B-EF5E-434F-B1FA-FCFF70C0639D}
		{FA4A28CF-82EA-42FE-9701-4DB60BDC40AB} = {C5921EC0-E4D5-4760-8AA0-9E07EB35CF19}
		{43270E4F-6C56-4080-9582-2FF42AD546A8} = {C5921EC0-E4D5-4760-8AA0-9E07EB35CF19}
		{D1064A9A-CF04-4E9B-A72E-E11177F6B846} = {380B241B-EF5E-434F-B1FA-FCFF70C0639D}
		{BC845E98-D718-4B7C-BE7E-065089E7B70C} = {C5921EC0-E4D5-4760-8AA0-9E07EB35CF19}
		{9C50BFB9-BEB6-4BAD-A46A-82987DCDBAB8} = {380B241B-EF5E-434F-B1FA-FCFF70C0639D}
	EndGlobalSection
	GlobalSection(ExtensibilityGlobals) = postSolution
		SolutionGuid = {8AAF3189-BA92-4477-A889-C06207920A80}
	EndGlobalSection
EndGlobal
